// !$*UTF8*$!
{
	archiveVersion = 1;
	classes = {
	};
	objectVersion = 56;
	objects = {

/* Begin PBXBuildFile section */
		84D2AF422914557100B29E2C /* AppDelegate.swift in Sources */ = {isa = PBXBuildFile; fileRef = 84D2AF412914557100B29E2C /* AppDelegate.swift */; };
		84D2AF442914557100B29E2C /* SceneDelegate.swift in Sources */ = {isa = PBXBuildFile; fileRef = 84D2AF432914557100B29E2C /* SceneDelegate.swift */; };
		84D2AF462914557100B29E2C /* ViewController.swift in Sources */ = {isa = PBXBuildFile; fileRef = 84D2AF452914557100B29E2C /* ViewController.swift */; };
		84D2AF492914557100B29E2C /* Main.storyboard in Resources */ = {isa = PBXBuildFile; fileRef = 84D2AF472914557100B29E2C /* Main.storyboard */; };
		84D2AF4B2914557200B29E2C /* Assets.xcassets in Resources */ = {isa = PBXBuildFile; fileRef = 84D2AF4A2914557200B29E2C /* Assets.xcassets */; };
		84D2AF4E2914557200B29E2C /* LaunchScreen.storyboard in Resources */ = {isa = PBXBuildFile; fileRef = 84D2AF4C2914557200B29E2C /* LaunchScreen.storyboard */; };
		84D2AF592914557200B29E2C /* bnrg_quizTests.swift in Sources */ = {isa = PBXBuildFile; fileRef = 84D2AF582914557200B29E2C /* bnrg_quizTests.swift */; };
		84D2AF632914557200B29E2C /* bnrg_quizUITests.swift in Sources */ = {isa = PBXBuildFile; fileRef = 84D2AF622914557200B29E2C /* bnrg_quizUITests.swift */; };
		84D2AF652914557200B29E2C /* bnrg_quizUITestsLaunchTests.swift in Sources */ = {isa = PBXBuildFile; fileRef = 84D2AF642914557200B29E2C /* bnrg_quizUITestsLaunchTests.swift */; };
/* End PBXBuildFile section */

/* Begin PBXContainerItemProxy section */
		84D2AF552914557200B29E2C /* PBXContainerItemProxy */ = {
			isa = PBXContainerItemProxy;
			containerPortal = 84D2AF362914557100B29E2C /* Project object */;
			proxyType = 1;
			remoteGlobalIDString = 84D2AF3D2914557100B29E2C;
			remoteInfo = "bnrg-quiz";
		};
		84D2AF5F2914557200B29E2C /* PBXContainerItemProxy */ = {
			isa = PBXContainerItemProxy;
			containerPortal = 84D2AF362914557100B29E2C /* Project object */;
			proxyType = 1;
			remoteGlobalIDString = 84D2AF3D2914557100B29E2C;
			remoteInfo = "bnrg-quiz";
		};
/* End PBXContainerItemProxy section */

/* Begin PBXFileReference section */
		84D2AF3E2914557100B29E2C /* bnrg-quiz.app */ = {isa = PBXFileReference; explicitFileType = wrapper.application; includeInIndex = 0; path = "bnrg-quiz.app"; sourceTree = BUILT_PRODUCTS_DIR; };
		84D2AF412914557100B29E2C /* AppDelegate.swift */ = {isa = PBXFileReference; lastKnownFileType = sourcecode.swift; path = AppDelegate.swift; sourceTree = "<group>"; };
		84D2AF432914557100B29E2C /* SceneDelegate.swift */ = {isa = PBXFileReference; lastKnownFileType = sourcecode.swift; path = SceneDelegate.swift; sourceTree = "<group>"; };
		84D2AF452914557100B29E2C /* ViewController.swift */ = {isa = PBXFileReference; lastKnownFileType = sourcecode.swift; path = ViewController.swift; sourceTree = "<group>"; };
		84D2AF482914557100B29E2C /* Base */ = {isa = PBXFileReference; lastKnownFileType = file.storyboard; name = Base; path = Base.lproj/Main.storyboard; sourceTree = "<group>"; };
		84D2AF4A2914557200B29E2C /* Assets.xcassets */ = {isa = PBXFileReference; lastKnownFileType = folder.assetcatalog; path = Assets.xcassets; sourceTree = "<group>"; };
		84D2AF4D2914557200B29E2C /* Base */ = {isa = PBXFileReference; lastKnownFileType = file.storyboard; name = Base; path = Base.lproj/LaunchScreen.storyboard; sourceTree = "<group>"; };
		84D2AF4F2914557200B29E2C /* Info.plist */ = {isa = PBXFileReference; lastKnownFileType = text.plist.xml; path = Info.plist; sourceTree = "<group>"; };
		84D2AF542914557200B29E2C /* bnrg-quizTests.xctest */ = {isa = PBXFileReference; explicitFileType = wrapper.cfbundle; includeInIndex = 0; path = "bnrg-quizTests.xctest"; sourceTree = BUILT_PRODUCTS_DIR; };
		84D2AF582914557200B29E2C /* bnrg_quizTests.swift */ = {isa = PBXFileReference; lastKnownFileType = sourcecode.swift; path = bnrg_quizTests.swift; sourceTree = "<group>"; };
		84D2AF5E2914557200B29E2C /* bnrg-quizUITests.xctest */ = {isa = PBXFileReference; explicitFileType = wrapper.cfbundle; includeInIndex = 0; path = "bnrg-quizUITests.xctest"; sourceTree = BUILT_PRODUCTS_DIR; };
		84D2AF622914557200B29E2C /* bnrg_quizUITests.swift */ = {isa = PBXFileReference; lastKnownFileType = sourcecode.swift; path = bnrg_quizUITests.swift; sourceTree = "<group>"; };
		84D2AF642914557200B29E2C /* bnrg_quizUITestsLaunchTests.swift */ = {isa = PBXFileReference; lastKnownFileType = sourcecode.swift; path = bnrg_quizUITestsLaunchTests.swift; sourceTree = "<group>"; };
/* End PBXFileReference section */

/* Begin PBXFrameworksBuildPhase section */
		84D2AF3B2914557100B29E2C /* Frameworks */ = {
			isa = PBXFrameworksBuildPhase;
			buildActionMask = 2147483647;
			files = (
			);
			runOnlyForDeploymentPostprocessing = 0;
		};
		84D2AF512914557200B29E2C /* Frameworks */ = {
			isa = PBXFrameworksBuildPhase;
			buildActionMask = 2147483647;
			files = (
			);
			runOnlyForDeploymentPostprocessing = 0;
		};
		84D2AF5B2914557200B29E2C /* Frameworks */ = {
			isa = PBXFrameworksBuildPhase;
			buildActionMask = 2147483647;
			files = (
			);
			runOnlyForDeploymentPostprocessing = 0;
		};
/* End PBXFrameworksBuildPhase section */

/* Begin PBXGroup section */
		84D2AF352914557100B29E2C = {
			isa = PBXGroup;
			children = (
				84D2AF402914557100B29E2C /* bnrg-quiz */,
				84D2AF572914557200B29E2C /* bnrg-quizTests */,
				84D2AF612914557200B29E2C /* bnrg-quizUITests */,
				84D2AF3F2914557100B29E2C /* Products */,
			);
			sourceTree = "<group>";
		};
		84D2AF3F2914557100B29E2C /* Products */ = {
			isa = PBXGroup;
			children = (
				84D2AF3E2914557100B29E2C /* bnrg-quiz.app */,
				84D2AF542914557200B29E2C /* bnrg-quizTests.xctest */,
				84D2AF5E2914557200B29E2C /* bnrg-quizUITests.xctest */,
			);
			name = Products;
			sourceTree = "<group>";
		};
		84D2AF402914557100B29E2C /* bnrg-quiz */ = {
			isa = PBXGroup;
			children = (
				84D2AF412914557100B29E2C /* AppDelegate.swift */,
				84D2AF432914557100B29E2C /* SceneDelegate.swift */,
				84D2AF452914557100B29E2C /* ViewController.swift */,
				84D2AF472914557100B29E2C /* Main.storyboard */,
				84D2AF4A2914557200B29E2C /* Assets.xcassets */,
				84D2AF4C2914557200B29E2C /* LaunchScreen.storyboard */,
				84D2AF4F2914557200B29E2C /* Info.plist */,
			);
			path = "bnrg-quiz";
			sourceTree = "<group>";
		};
		84D2AF572914557200B29E2C /* bnrg-quizTests */ = {
			isa = PBXGroup;
			children = (
				84D2AF582914557200B29E2C /* bnrg_quizTests.swift */,
			);
			path = "bnrg-quizTests";
			sourceTree = "<group>";
		};
		84D2AF612914557200B29E2C /* bnrg-quizUITests */ = {
			isa = PBXGroup;
			children = (
				84D2AF622914557200B29E2C /* bnrg_quizUITests.swift */,
				84D2AF642914557200B29E2C /* bnrg_quizUITestsLaunchTests.swift */,
			);
			path = "bnrg-quizUITests";
			sourceTree = "<group>";
		};
/* End PBXGroup section */

/* Begin PBXNativeTarget section */
		84D2AF3D2914557100B29E2C /* bnrg-quiz */ = {
			isa = PBXNativeTarget;
			buildConfigurationList = 84D2AF682914557200B29E2C /* Build configuration list for PBXNativeTarget "bnrg-quiz" */;
			buildPhases = (
				84D2AF3A2914557100B29E2C /* Sources */,
				84D2AF3B2914557100B29E2C /* Frameworks */,
				84D2AF3C2914557100B29E2C /* Resources */,
			);
			buildRules = (
			);
			dependencies = (
			);
			name = "bnrg-quiz";
			productName = "bnrg-quiz";
			productReference = 84D2AF3E2914557100B29E2C /* bnrg-quiz.app */;
			productType = "com.apple.product-type.application";
		};
		84D2AF532914557200B29E2C /* bnrg-quizTests */ = {
			isa = PBXNativeTarget;
			buildConfigurationList = 84D2AF6B2914557200B29E2C /* Build configuration list for PBXNativeTarget "bnrg-quizTests" */;
			buildPhases = (
				84D2AF502914557200B29E2C /* Sources */,
				84D2AF512914557200B29E2C /* Frameworks */,
				84D2AF522914557200B29E2C /* Resources */,
			);
			buildRules = (
			);
			dependencies = (
				84D2AF562914557200B29E2C /* PBXTargetDependency */,
			);
			name = "bnrg-quizTests";
			productName = "bnrg-quizTests";
			productReference = 84D2AF542914557200B29E2C /* bnrg-quizTests.xctest */;
			productType = "com.apple.product-type.bundle.unit-test";
		};
		84D2AF5D2914557200B29E2C /* bnrg-quizUITests */ = {
			isa = PBXNativeTarget;
			buildConfigurationList = 84D2AF6E2914557200B29E2C /* Build configuration list for PBXNativeTarget "bnrg-quizUITests" */;
			buildPhases = (
				84D2AF5A2914557200B29E2C /* Sources */,
				84D2AF5B2914557200B29E2C /* Frameworks */,
				84D2AF5C2914557200B29E2C /* Resources */,
			);
			buildRules = (
			);
			dependencies = (
				84D2AF602914557200B29E2C /* PBXTargetDependency */,
			);
			name = "bnrg-quizUITests";
			productName = "bnrg-quizUITests";
			productReference = 84D2AF5E2914557200B29E2C /* bnrg-quizUITests.xctest */;
			productType = "com.apple.product-type.bundle.ui-testing";
		};
/* End PBXNativeTarget section */

/* Begin PBXProject section */
		84D2AF362914557100B29E2C /* Project object */ = {
			isa = PBXProject;
			attributes = {
				BuildIndependentTargetsInParallel = 1;
				LastSwiftUpdateCheck = 1410;
				LastUpgradeCheck = 1410;
				TargetAttributes = {
					84D2AF3D2914557100B29E2C = {
						CreatedOnToolsVersion = 14.1;
					};
					84D2AF532914557200B29E2C = {
						CreatedOnToolsVersion = 14.1;
						TestTargetID = 84D2AF3D2914557100B29E2C;
					};
					84D2AF5D2914557200B29E2C = {
						CreatedOnToolsVersion = 14.1;
						TestTargetID = 84D2AF3D2914557100B29E2C;
					};
				};
			};
			buildConfigurationList = 84D2AF392914557100B29E2C /* Build configuration list for PBXProject "bnrg-quiz" */;
			compatibilityVersion = "Xcode 14.0";
			developmentRegion = en;
			hasScannedForEncodings = 0;
			knownRegions = (
				en,
				Base,
			);
			mainGroup = 84D2AF352914557100B29E2C;
			productRefGroup = 84D2AF3F2914557100B29E2C /* Products */;
			projectDirPath = "";
			projectRoot = "";
			targets = (
				84D2AF3D2914557100B29E2C /* bnrg-quiz */,
				84D2AF532914557200B29E2C /* bnrg-quizTests */,
				84D2AF5D2914557200B29E2C /* bnrg-quizUITests */,
			);
		};
/* End PBXProject section */

/* Begin PBXResourcesBuildPhase section */
		84D2AF3C2914557100B29E2C /* Resources */ = {
			isa = PBXResourcesBuildPhase;
			buildActionMask = 2147483647;
			files = (
				84D2AF4E2914557200B29E2C /* LaunchScreen.storyboard in Resources */,
				84D2AF4B2914557200B29E2C /* Assets.xcassets in Resources */,
				84D2AF492914557100B29E2C /* Main.storyboard in Resources */,
			);
			runOnlyForDeploymentPostprocessing = 0;
		};
		84D2AF522914557200B29E2C /* Resources */ = {
			isa = PBXResourcesBuildPhase;
			buildActionMask = 2147483647;
			files = (
			);
			runOnlyForDeploymentPostprocessing = 0;
		};
		84D2AF5C2914557200B29E2C /* Resources */ = {
			isa = PBXResourcesBuildPhase;
			buildActionMask = 2147483647;
			files = (
			);
			runOnlyForDeploymentPostprocessing = 0;
		};
/* End PBXResourcesBuildPhase section */

/* Begin PBXSourcesBuildPhase section */
		84D2AF3A2914557100B29E2C /* Sources */ = {
			isa = PBXSourcesBuildPhase;
			buildActionMask = 2147483647;
			files = (
				84D2AF462914557100B29E2C /* ViewController.swift in Sources */,
				84D2AF422914557100B29E2C /* AppDelegate.swift in Sources */,
				84D2AF442914557100B29E2C /* SceneDelegate.swift in Sources */,
			);
			runOnlyForDeploymentPostprocessing = 0;
		};
		84D2AF502914557200B29E2C /* Sources */ = {
			isa = PBXSourcesBuildPhase;
			buildActionMask = 2147483647;
			files = (
				84D2AF592914557200B29E2C /* bnrg_quizTests.swift in Sources */,
			);
			runOnlyForDeploymentPostprocessing = 0;
		};
		84D2AF5A2914557200B29E2C /* Sources */ = {
			isa = PBXSourcesBuildPhase;
			buildActionMask = 2147483647;
			files = (
				84D2AF652914557200B29E2C /* bnrg_quizUITestsLaunchTests.swift in Sources */,
				84D2AF632914557200B29E2C /* bnrg_quizUITests.swift in Sources */,
			);
			runOnlyForDeploymentPostprocessing = 0;
		};
/* End PBXSourcesBuildPhase section */

/* Begin PBXTargetDependency section */
		84D2AF562914557200B29E2C /* PBXTargetDependency */ = {
			isa = PBXTargetDependency;
			target = 84D2AF3D2914557100B29E2C /* bnrg-quiz */;
			targetProxy = 84D2AF552914557200B29E2C /* PBXContainerItemProxy */;
		};
		84D2AF602914557200B29E2C /* PBXTargetDependency */ = {
			isa = PBXTargetDependency;
			target = 84D2AF3D2914557100B29E2C /* bnrg-quiz */;
			targetProxy = 84D2AF5F2914557200B29E2C /* PBXContainerItemProxy */;
		};
/* End PBXTargetDependency section */

/* Begin PBXVariantGroup section */
		84D2AF472914557100B29E2C /* Main.storyboard */ = {
			isa = PBXVariantGroup;
			children = (
				84D2AF482914557100B29E2C /* Base */,
			);
			name = Main.storyboard;
			sourceTree = "<group>";
		};
		84D2AF4C2914557200B29E2C /* LaunchScreen.storyboard */ = {
			isa = PBXVariantGroup;
			children = (
				84D2AF4D2914557200B29E2C /* Base */,
			);
			name = LaunchScreen.storyboard;
			sourceTree = "<group>";
		};
/* End PBXVariantGroup section */

/* Begin XCBuildConfiguration section */
		84D2AF662914557200B29E2C /* Debug */ = {
			isa = XCBuildConfiguration;
			buildSettings = {
				ALWAYS_SEARCH_USER_PATHS = NO;
				CLANG_ANALYZER_NONNULL = YES;
				CLANG_ANALYZER_NUMBER_OBJECT_CONVERSION = YES_AGGRESSIVE;
				CLANG_CXX_LANGUAGE_STANDARD = "gnu++20";
				CLANG_ENABLE_MODULES = YES;
				CLANG_ENABLE_OBJC_ARC = YES;
				CLANG_ENABLE_OBJC_WEAK = YES;
				CLANG_WARN_BLOCK_CAPTURE_AUTORELEASING = YES;
				CLANG_WARN_BOOL_CONVERSION = YES;
				CLANG_WARN_COMMA = YES;
				CLANG_WARN_CONSTANT_CONVERSION = YES;
				CLANG_WARN_DEPRECATED_OBJC_IMPLEMENTATIONS = YES;
				CLANG_WARN_DIRECT_OBJC_ISA_USAGE = YES_ERROR;
				CLANG_WARN_DOCUMENTATION_COMMENTS = YES;
				CLANG_WARN_EMPTY_BODY = YES;
				CLANG_WARN_ENUM_CONVERSION = YES;
				CLANG_WARN_INFINITE_RECURSION = YES;
				CLANG_WARN_INT_CONVERSION = YES;
				CLANG_WARN_NON_LITERAL_NULL_CONVERSION = YES;
				CLANG_WARN_OBJC_IMPLICIT_RETAIN_SELF = YES;
				CLANG_WARN_OBJC_LITERAL_CONVERSION = YES;
				CLANG_WARN_OBJC_ROOT_CLASS = YES_ERROR;
				CLANG_WARN_QUOTED_INCLUDE_IN_FRAMEWORK_HEADER = YES;
				CLANG_WARN_RANGE_LOOP_ANALYSIS = YES;
				CLANG_WARN_STRICT_PROTOTYPES = YES;
				CLANG_WARN_SUSPICIOUS_MOVE = YES;
				CLANG_WARN_UNGUARDED_AVAILABILITY = YES_AGGRESSIVE;
				CLANG_WARN_UNREACHABLE_CODE = YES;
				CLANG_WARN__DUPLICATE_METHOD_MATCH = YES;
				COPY_PHASE_STRIP = NO;
				DEBUG_INFORMATION_FORMAT = dwarf;
				ENABLE_STRICT_OBJC_MSGSEND = YES;
				ENABLE_TESTABILITY = YES;
				GCC_C_LANGUAGE_STANDARD = gnu11;
				GCC_DYNAMIC_NO_PIC = NO;
				GCC_NO_COMMON_BLOCKS = YES;
				GCC_OPTIMIZATION_LEVEL = 0;
				GCC_PREPROCESSOR_DEFINITIONS = (
					"DEBUG=1",
					"$(inherited)",
				);
				GCC_WARN_64_TO_32_BIT_CONVERSION = YES;
				GCC_WARN_ABOUT_RETURN_TYPE = YES_ERROR;
				GCC_WARN_UNDECLARED_SELECTOR = YES;
				GCC_WARN_UNINITIALIZED_AUTOS = YES_AGGRESSIVE;
				GCC_WARN_UNUSED_FUNCTION = YES;
				GCC_WARN_UNUSED_VARIABLE = YES;
				IPHONEOS_DEPLOYMENT_TARGET = 16.1;
				MTL_ENABLE_DEBUG_INFO = INCLUDE_SOURCE;
				MTL_FAST_MATH = YES;
				ONLY_ACTIVE_ARCH = YES;
				SDKROOT = iphoneos;
				SWIFT_ACTIVE_COMPILATION_CONDITIONS = DEBUG;
				SWIFT_OPTIMIZATION_LEVEL = "-Onone";
			};
			name = Debug;
		};
		84D2AF672914557200B29E2C /* Release */ = {
			isa = XCBuildConfiguration;
			buildSettings = {
				ALWAYS_SEARCH_USER_PATHS = NO;
				CLANG_ANALYZER_NONNULL = YES;
				CLANG_ANALYZER_NUMBER_OBJECT_CONVERSION = YES_AGGRESSIVE;
				CLANG_CXX_LANGUAGE_STANDARD = "gnu++20";
				CLANG_ENABLE_MODULES = YES;
				CLANG_ENABLE_OBJC_ARC = YES;
				CLANG_ENABLE_OBJC_WEAK = YES;
				CLANG_WARN_BLOCK_CAPTURE_AUTORELEASING = YES;
				CLANG_WARN_BOOL_CONVERSION = YES;
				CLANG_WARN_COMMA = YES;
				CLANG_WARN_CONSTANT_CONVERSION = YES;
				CLANG_WARN_DEPRECATED_OBJC_IMPLEMENTATIONS = YES;
				CLANG_WARN_DIRECT_OBJC_ISA_USAGE = YES_ERROR;
				CLANG_WARN_DOCUMENTATION_COMMENTS = YES;
				CLANG_WARN_EMPTY_BODY = YES;
				CLANG_WARN_ENUM_CONVERSION = YES;
				CLANG_WARN_INFINITE_RECURSION = YES;
				CLANG_WARN_INT_CONVERSION = YES;
				CLANG_WARN_NON_LITERAL_NULL_CONVERSION = YES;
				CLANG_WARN_OBJC_IMPLICIT_RETAIN_SELF = YES;
				CLANG_WARN_OBJC_LITERAL_CONVERSION = YES;
				CLANG_WARN_OBJC_ROOT_CLASS = YES_ERROR;
				CLANG_WARN_QUOTED_INCLUDE_IN_FRAMEWORK_HEADER = YES;
				CLANG_WARN_RANGE_LOOP_ANALYSIS = YES;
				CLANG_WARN_STRICT_PROTOTYPES = YES;
				CLANG_WARN_SUSPICIOUS_MOVE = YES;
				CLANG_WARN_UNGUARDED_AVAILABILITY = YES_AGGRESSIVE;
				CLANG_WARN_UNREACHABLE_CODE = YES;
				CLANG_WARN__DUPLICATE_METHOD_MATCH = YES;
				COPY_PHASE_STRIP = NO;
				DEBUG_INFORMATION_FORMAT = "dwarf-with-dsym";
				ENABLE_NS_ASSERTIONS = NO;
				ENABLE_STRICT_OBJC_MSGSEND = YES;
				GCC_C_LANGUAGE_STANDARD = gnu11;
				GCC_NO_COMMON_BLOCKS = YES;
				GCC_WARN_64_TO_32_BIT_CONVERSION = YES;
				GCC_WARN_ABOUT_RETURN_TYPE = YES_ERROR;
				GCC_WARN_UNDECLARED_SELECTOR = YES;
				GCC_WARN_UNINITIALIZED_AUTOS = YES_AGGRESSIVE;
				GCC_WARN_UNUSED_FUNCTION = YES;
				GCC_WARN_UNUSED_VARIABLE = YES;
				IPHONEOS_DEPLOYMENT_TARGET = 16.1;
				MTL_ENABLE_DEBUG_INFO = NO;
				MTL_FAST_MATH = YES;
				SDKROOT = iphoneos;
				SWIFT_COMPILATION_MODE = wholemodule;
				SWIFT_OPTIMIZATION_LEVEL = "-O";
				VALIDATE_PRODUCT = YES;
			};
			name = Release;
		};
		84D2AF692914557200B29E2C /* Debug */ = {
			isa = XCBuildConfiguration;
			buildSettings = {
				ASSETCATALOG_COMPILER_APPICON_NAME = AppIcon;
				ASSETCATALOG_COMPILER_GLOBAL_ACCENT_COLOR_NAME = AccentColor;
				CODE_SIGN_STYLE = Automatic;
				CURRENT_PROJECT_VERSION = 1;
				DEVELOPMENT_TEAM = 8WYZ782KW5;
				GENERATE_INFOPLIST_FILE = YES;
				INFOPLIST_FILE = "bnrg-quiz/Info.plist";
				INFOPLIST_KEY_UIApplicationSupportsIndirectInputEvents = YES;
				INFOPLIST_KEY_UILaunchStoryboardName = LaunchScreen;
				INFOPLIST_KEY_UIMainStoryboardFile = Main;
				INFOPLIST_KEY_UISupportedInterfaceOrientations_iPad = "UIInterfaceOrientationPortrait UIInterfaceOrientationPortraitUpsideDown UIInterfaceOrientationLandscapeLeft UIInterfaceOrientationLandscapeRight";
				INFOPLIST_KEY_UISupportedInterfaceOrientations_iPhone = "UIInterfaceOrientationPortrait UIInterfaceOrientationLandscapeLeft UIInterfaceOrientationLandscapeRight";
				LD_RUNPATH_SEARCH_PATHS = (
					"$(inherited)",
					"@executable_path/Frameworks",
				);
				MARKETING_VERSION = 1.0;
				PRODUCT_BUNDLE_IDENTIFIER = "io.tianbo.bnrg-quiz";
				PRODUCT_NAME = "$(TARGET_NAME)";
				SWIFT_EMIT_LOC_STRINGS = YES;
				SWIFT_VERSION = 5.0;
				TARGETED_DEVICE_FAMILY = "1,2";
			};
			name = Debug;
		};
		84D2AF6A2914557200B29E2C /* Release */ = {
			isa = XCBuildConfiguration;
			buildSettings = {
				ASSETCATALOG_COMPILER_APPICON_NAME = AppIcon;
				ASSETCATALOG_COMPILER_GLOBAL_ACCENT_COLOR_NAME = AccentColor;
				CODE_SIGN_STYLE = Automatic;
				CURRENT_PROJECT_VERSION = 1;
				DEVELOPMENT_TEAM = 8WYZ782KW5;
				GENERATE_INFOPLIST_FILE = YES;
				INFOPLIST_FILE = "bnrg-quiz/Info.plist";
				INFOPLIST_KEY_UIApplicationSupportsIndirectInputEvents = YES;
				INFOPLIST_KEY_UILaunchStoryboardName = LaunchScreen;
				INFOPLIST_KEY_UIMainStoryboardFile = Main;
				INFOPLIST_KEY_UISupportedInterfaceOrientations_iPad = "UIInterfaceOrientationPortrait UIInterfaceOrientationPortraitUpsideDown UIInterfaceOrientationLandscapeLeft UIInterfaceOrientationLandscapeRight";
				INFOPLIST_KEY_UISupportedInterfaceOrientations_iPhone = "UIInterfaceOrientationPortrait UIInterfaceOrientationLandscapeLeft UIInterfaceOrientationLandscapeRight";
				LD_RUNPATH_SEARCH_PATHS = (
					"$(inherited)",
					"@executable_path/Frameworks",
				);
				MARKETING_VERSION = 1.0;
				PRODUCT_BUNDLE_IDENTIFIER = "io.tianbo.bnrg-quiz";
				PRODUCT_NAME = "$(TARGET_NAME)";
				SWIFT_EMIT_LOC_STRINGS = YES;
				SWIFT_VERSION = 5.0;
				TARGETED_DEVICE_FAMILY = "1,2";
			};
			name = Release;
		};
		84D2AF6C2914557200B29E2C /* Debug */ = {
			isa = XCBuildConfiguration;
			buildSettings = {
				ALWAYS_EMBED_SWIFT_STANDARD_LIBRARIES = YES;
				BUNDLE_LOADER = "$(TEST_HOST)";
				CODE_SIGN_STYLE = Automatic;
				CURRENT_PROJECT_VERSION = 1;
				DEVELOPMENT_TEAM = 8WYZ782KW5;
				GENERATE_INFOPLIST_FILE = YES;
				IPHONEOS_DEPLOYMENT_TARGET = 16.1;
				MARKETING_VERSION = 1.0;
				PRODUCT_BUNDLE_IDENTIFIER = "io.tianbo.bnrg-quizTests";
				PRODUCT_NAME = "$(TARGET_NAME)";
				SWIFT_EMIT_LOC_STRINGS = NO;
				SWIFT_VERSION = 5.0;
				TARGETED_DEVICE_FAMILY = "1,2";
				TEST_HOST = "$(BUILT_PRODUCTS_DIR)/bnrg-quiz.app/$(BUNDLE_EXECUTABLE_FOLDER_PATH)/bnrg-quiz";
			};
			name = Debug;
		};
		84D2AF6D2914557200B29E2C /* Release */ = {
			isa = XCBuildConfiguration;
			buildSettings = {
				ALWAYS_EMBED_SWIFT_STANDARD_LIBRARIES = YES;
				BUNDLE_LOADER = "$(TEST_HOST)";
				CODE_SIGN_STYLE = Automatic;
				CURRENT_PROJECT_VERSION = 1;
				DEVELOPMENT_TEAM = 8WYZ782KW5;
				GENERATE_INFOPLIST_FILE = YES;
				IPHONEOS_DEPLOYMENT_TARGET = 16.1;
				MARKETING_VERSION = 1.0;
				PRODUCT_BUNDLE_IDENTIFIER = "io.tianbo.bnrg-quizTests";
				PRODUCT_NAME = "$(TARGET_NAME)";
				SWIFT_EMIT_LOC_STRINGS = NO;
				SWIFT_VERSION = 5.0;
				TARGETED_DEVICE_FAMILY = "1,2";
				TEST_HOST = "$(BUILT_PRODUCTS_DIR)/bnrg-quiz.app/$(BUNDLE_EXECUTABLE_FOLDER_PATH)/bnrg-quiz";
			};
			name = Release;
		};
		84D2AF6F2914557200B29E2C /* Debug */ = {
			isa = XCBuildConfiguration;
			buildSettings = {
				ALWAYS_EMBED_SWIFT_STANDARD_LIBRARIES = YES;
				CODE_SIGN_STYLE = Automatic;
				CURRENT_PROJECT_VERSION = 1;
				DEVELOPMENT_TEAM = 8WYZ782KW5;
				GENERATE_INFOPLIST_FILE = YES;
				MARKETING_VERSION = 1.0;
				PRODUCT_BUNDLE_IDENTIFIER = "io.tianbo.bnrg-quizUITests";
				PRODUCT_NAME = "$(TARGET_NAME)";
				SWIFT_EMIT_LOC_STRINGS = NO;
				SWIFT_VERSION = 5.0;
				TARGETED_DEVICE_FAMILY = "1,2";
				TEST_TARGET_NAME = "bnrg-quiz";
			};
			name = Debug;
		};
		84D2AF702914557200B29E2C /* Release */ = {
			isa = XCBuildConfiguration;
			buildSettings = {
				ALWAYS_EMBED_SWIFT_STANDARD_LIBRARIES = YES;
				CODE_SIGN_STYLE = Automatic;
				CURRENT_PROJECT_VERSION = 1;
				DEVELOPMENT_TEAM = 8WYZ782KW5;
				GENERATE_INFOPLIST_FILE = YES;
				MARKETING_VERSION = 1.0;
				PRODUCT_BUNDLE_IDENTIFIER = "io.tianbo.bnrg-quizUITests";
				PRODUCT_NAME = "$(TARGET_NAME)";
				SWIFT_EMIT_LOC_STRINGS = NO;
				SWIFT_VERSION = 5.0;
				TARGETED_DEVICE_FAMILY = "1,2";
				TEST_TARGET_NAME = "bnrg-quiz";
			};
			name = Release;
		};
/* End XCBuildConfiguration section */

/* Begin XCConfigurationList section */
		84D2AF392914557100B29E2C /* Build configuration list for PBXProject "bnrg-quiz" */ = {
			isa = XCConfigurationList;
			buildConfigurations = (
				84D2AF662914557200B29E2C /* Debug */,
				84D2AF672914557200B29E2C /* Release */,
			);
			defaultConfigurationIsVisible = 0;
			defaultConfigurationName = Release;
		};
		84D2AF682914557200B29E2C /* Build configuration list for PBXNativeTarget "bnrg-quiz" */ = {
			isa = XCConfigurationList;
			buildConfigurations = (
				84D2AF692914557200B29E2C /* Debug */,
				84D2AF6A2914557200B29E2C /* Release */,
			);
			defaultConfigurationIsVisible = 0;
			defaultConfigurationName = Release;
		};
		84D2AF6B2914557200B29E2C /* Build configuration list for PBXNativeTarget "bnrg-quizTests" */ = {
			isa = XCConfigurationList;
			buildConfigurations = (
				84D2AF6C2914557200B29E2C /* Debug */,
				84D2AF6D2914557200B29E2C /* Release */,
			);
			defaultConfigurationIsVisible = 0;
			defaultConfigurationName = Release;
		};
		84D2AF6E2914557200B29E2C /* Build configuration list for PBXNativeTarget "bnrg-quizUITests" */ = {
			isa = XCConfigurationList;
			buildConfigurations = (
				84D2AF6F2914557200B29E2C /* Debug */,
				84D2AF702914557200B29E2C /* Release */,
			);
			defaultConfigurationIsVisible = 0;
			defaultConfigurationName = Release;
		};
/* End XCConfigurationList section */
	};
	rootObject = 84D2AF362914557100B29E2C /* Project object */;
}
